
Microsoft Visual Studio Solution File, Format Version 12.00
# Visual Studio 14
VisualStudioVersion = 14.0.22512.0
MinimumVisualStudioVersion = 10.0.40219.1
Project("{8BC9CEB8-8B4A-11D0-8D11-00A0C91BC942}") = "Lab13-1 Project", "Lab13-1 Project.vcxproj", "{1EF7C158-BDD6-4205-BFEF-96D264E5D9C5}"
EndProject
Global
	GlobalSection(SolutionConfigurationPlatforms) = preSolution
		Debug|x86 = Debug|x86
		Release|x86 = Release|x86
	EndGlobalSection
	GlobalSection(ProjectConfigurationPlatforms) = postSolution
		{1EF7C158-BDD6-4205-BFEF-96D264E5D9C5}.Debug|x86.ActiveCfg = Debug|Win32
		{1EF7C158-BDD6-4205-BFEF-96D264E5D9C5}.Debug|x86.Build.0 = Debug|Win32
		{1EF7C158-BDD6-4205-BFEF-96D264E5D9C5}.Release|x86.ActiveCfg = Release|Win32
		{1EF7C158-BDD6-4205-BFEF-96D264E5D9C5}.Release|x86.Build.0 = Release|Win32
	EndGlobalSection
	GlobalSection(SolutionProperties) = preSolution
		HideSolutionNode = FALSE
	EndGlobalSection
EndGlobal
