
Microsoft Visual Studio Solution File, Format Version 12.00
# Visual Studio 14
VisualStudioVersion = 14.0.22512.0
MinimumVisualStudioVersion = 10.0.40219.1
Project("{8BC9CEB8-8B4A-11D0-8D11-00A0C91BC942}") = "Advanced26 Project", "Advanced26 Project.vcxproj", "{2FB0A5C8-FE72-4DD3-9183-E19926769AAC}"
EndProject
Global
	GlobalSection(SolutionConfigurationPlatforms) = preSolution
		Debug|x86 = Debug|x86
		Release|x86 = Release|x86
	EndGlobalSection
	GlobalSection(ProjectConfigurationPlatforms) = postSolution
		{2FB0A5C8-FE72-4DD3-9183-E19926769AAC}.Debug|x86.ActiveCfg = Debug|Win32
		{2FB0A5C8-FE72-4DD3-9183-E19926769AAC}.Debug|x86.Build.0 = Debug|Win32
		{2FB0A5C8-FE72-4DD3-9183-E19926769AAC}.Release|x86.ActiveCfg = Release|Win32
		{2FB0A5C8-FE72-4DD3-9183-E19926769AAC}.Release|x86.Build.0 = Release|Win32
	EndGlobalSection
	GlobalSection(SolutionProperties) = preSolution
		HideSolutionNode = FALSE
	EndGlobalSection
EndGlobal
